
Microsoft Visual Studio Solution File, Format Version 12.00
# Visual Studio Version 16
VisualStudioVersion = 16.0.28803.352
MinimumVisualStudioVersion = 10.0.40219.1
Project("{FAE04EC0-301F-11D3-BF4B-00C04F79EFBC}") = "ConsoleApp2", "ConsoleApp2\ConsoleApp2.csproj", "{BEC60323-461B-40B3-8AE7-8F36E84A744D}"
EndProject
Global
	GlobalSection(SolutionConfigurationPlatforms) = preSolution
		Debug|Any CPU = Debug|Any CPU
		Release|Any CPU = Release|Any CPU
	EndGlobalSection
	GlobalSection(ProjectConfigurationPlatforms) = postSolution
		{BEC60323-461B-40B3-8AE7-8F36E84A744D}.Debug|Any CPU.ActiveCfg = Debug|Any CPU
		{BEC60323-461B-40B3-8AE7-8F36E84A744D}.Debug|Any CPU.Build.0 = Debug|Any CPU
		{BEC60323-461B-40B3-8AE7-8F36E84A744D}.Release|Any CPU.ActiveCfg = Release|Any CPU
		{BEC60323-461B-40B3-8AE7-8F36E84A744D}.Release|Any CPU.Build.0 = Release|Any CPU
	EndGlobalSection
	GlobalSection(SolutionProperties) = preSolution
		HideSolutionNode = FALSE
	EndGlobalSection
	GlobalSection(ExtensibilityGlobals) = postSolution
		SolutionGuid = {A2E3FCCF-C52F-42F8-9AD7-3661C3903035}
	EndGlobalSection
EndGlobal
