
Microsoft Visual Studio Solution File, Format Version 12.00
# Visual Studio Version 16
VisualStudioVersion = 16.0.28803.352
MinimumVisualStudioVersion = 10.0.40219.1
Project("{FAE04EC0-301F-11D3-BF4B-00C04F79EFBC}") = "test ASPnet MVC 5", "test ASPnet MVC 5\test ASPnet MVC 5.csproj", "{C5D0C511-9927-4E9B-819E-D087390CD0F3}"
EndProject
Global
	GlobalSection(SolutionConfigurationPlatforms) = preSolution
		Debug|Any CPU = Debug|Any CPU
		Release|Any CPU = Release|Any CPU
	EndGlobalSection
	GlobalSection(ProjectConfigurationPlatforms) = postSolution
		{C5D0C511-9927-4E9B-819E-D087390CD0F3}.Debug|Any CPU.ActiveCfg = Debug|Any CPU
		{C5D0C511-9927-4E9B-819E-D087390CD0F3}.Debug|Any CPU.Build.0 = Debug|Any CPU
		{C5D0C511-9927-4E9B-819E-D087390CD0F3}.Release|Any CPU.ActiveCfg = Release|Any CPU
		{C5D0C511-9927-4E9B-819E-D087390CD0F3}.Release|Any CPU.Build.0 = Release|Any CPU
	EndGlobalSection
	GlobalSection(SolutionProperties) = preSolution
		HideSolutionNode = FALSE
	EndGlobalSection
	GlobalSection(ExtensibilityGlobals) = postSolution
		SolutionGuid = {534DEECB-5E8C-4093-81E4-5600E28289E6}
	EndGlobalSection
EndGlobal
